// !$*UTF8*$!
{
	archiveVersion = 1;
	classes = {
	};
	objectVersion = 46;
	objects = {

/* Begin PBXBuildFile section */
		031617DD1F0BD271006A8FDE /* TestData in Resources */ = {isa = PBXBuildFile; fileRef = 031617DC1F0BD271006A8FDE /* TestData */; };
		031617E01F10E512006A8FDE /* StringsFileParser.swift in Sources */ = {isa = PBXBuildFile; fileRef = 031617DF1F10E512006A8FDE /* StringsFileParser.swift */; };
		031617E21F10E54D006A8FDE /* LocalizedString.swift in Sources */ = {isa = PBXBuildFile; fileRef = 031617E11F10E54D006A8FDE /* LocalizedString.swift */; };
		031617E41F10E657006A8FDE /* StringsFileParserTests.swift in Sources */ = {isa = PBXBuildFile; fileRef = 031617E31F10E657006A8FDE /* StringsFileParserTests.swift */; };
		031617E51F10E994006A8FDE /* StringsFileParser.swift in Sources */ = {isa = PBXBuildFile; fileRef = 031617DF1F10E512006A8FDE /* StringsFileParser.swift */; };
		031617E61F10E996006A8FDE /* LocalizedString.swift in Sources */ = {isa = PBXBuildFile; fileRef = 031617E11F10E54D006A8FDE /* LocalizedString.swift */; };
		037989B31F0B9EAF00A90F2E /* main.swift in Sources */ = {isa = PBXBuildFile; fileRef = 037989B21F0B9EAF00A90F2E /* main.swift */; };
		037989BB1F0BA04200A90F2E /* ExtractLocStringsTask.swift in Sources */ = {isa = PBXBuildFile; fileRef = 037989BA1F0BA04200A90F2E /* ExtractLocStringsTask.swift */; };
		037989CA1F0BAAE900A90F2E /* ExtractLocStringsTask.swift in Sources */ = {isa = PBXBuildFile; fileRef = 037989BA1F0BA04200A90F2E /* ExtractLocStringsTask.swift */; };
		037989CC1F0BAB5A00A90F2E /* ExtractLocStringsTaskTests.swift in Sources */ = {isa = PBXBuildFile; fileRef = 037989CB1F0BAB5A00A90F2E /* ExtractLocStringsTaskTests.swift */; };
		037989D31F0BACF300A90F2E /* Arguments.swift in Sources */ = {isa = PBXBuildFile; fileRef = 037989D11F0BACF300A90F2E /* Arguments.swift */; };
		037989D41F0BACF300A90F2E /* Arguments.swift in Sources */ = {isa = PBXBuildFile; fileRef = 037989D11F0BACF300A90F2E /* Arguments.swift */; };
		037989D51F0BACF300A90F2E /* ArgumentsParser.swift in Sources */ = {isa = PBXBuildFile; fileRef = 037989D21F0BACF300A90F2E /* ArgumentsParser.swift */; };
		037989D61F0BACF300A90F2E /* ArgumentsParser.swift in Sources */ = {isa = PBXBuildFile; fileRef = 037989D21F0BACF300A90F2E /* ArgumentsParser.swift */; };
		037989D81F0BAF5C00A90F2E /* ArgumentsParserTests.swift in Sources */ = {isa = PBXBuildFile; fileRef = 037989D71F0BAF5C00A90F2E /* ArgumentsParserTests.swift */; };
		037989DC1F0BAFA100A90F2E /* MergeService.swift in Sources */ = {isa = PBXBuildFile; fileRef = 037989DA1F0BAFA100A90F2E /* MergeService.swift */; };
		037989DD1F0BAFA100A90F2E /* MergeService.swift in Sources */ = {isa = PBXBuildFile; fileRef = 037989DA1F0BAFA100A90F2E /* MergeService.swift */; };
		037989E11F0BB7BB00A90F2E /* MergeServiceTests.swift in Sources */ = {isa = PBXBuildFile; fileRef = 037989E01F0BB7BB00A90F2E /* MergeServiceTests.swift */; };
		037989E51F0BB93900A90F2E /* TestDataSource.swift in Sources */ = {isa = PBXBuildFile; fileRef = 037989E41F0BB93900A90F2E /* TestDataSource.swift */; };
/* End PBXBuildFile section */

/* Begin PBXCopyFilesBuildPhase section */
		037989AD1F0B9EAE00A90F2E /* CopyFiles */ = {
			isa = PBXCopyFilesBuildPhase;
			buildActionMask = 2147483647;
			dstPath = /usr/share/man/man1/;
			dstSubfolderSpec = 0;
			files = (
			);
			runOnlyForDeploymentPostprocessing = 1;
		};
/* End PBXCopyFilesBuildPhase section */

/* Begin PBXFileReference section */
		031617DC1F0BD271006A8FDE /* TestData */ = {isa = PBXFileReference; lastKnownFileType = folder; path = TestData; sourceTree = "<group>"; };
		031617DF1F10E512006A8FDE /* StringsFileParser.swift */ = {isa = PBXFileReference; fileEncoding = 4; lastKnownFileType = sourcecode.swift; path = StringsFileParser.swift; sourceTree = "<group>"; };
		031617E11F10E54D006A8FDE /* LocalizedString.swift */ = {isa = PBXFileReference; fileEncoding = 4; lastKnownFileType = sourcecode.swift; path = LocalizedString.swift; sourceTree = "<group>"; };
		031617E31F10E657006A8FDE /* StringsFileParserTests.swift */ = {isa = PBXFileReference; fileEncoding = 4; lastKnownFileType = sourcecode.swift; path = StringsFileParserTests.swift; sourceTree = "<group>"; };
		037989AF1F0B9EAE00A90F2E /* updateLocStrings */ = {isa = PBXFileReference; explicitFileType = "compiled.mach-o.executable"; includeInIndex = 0; path = updateLocStrings; sourceTree = BUILT_PRODUCTS_DIR; };
		037989B21F0B9EAF00A90F2E /* main.swift */ = {isa = PBXFileReference; lastKnownFileType = sourcecode.swift; path = main.swift; sourceTree = "<group>"; };
		037989BA1F0BA04200A90F2E /* ExtractLocStringsTask.swift */ = {isa = PBXFileReference; fileEncoding = 4; lastKnownFileType = sourcecode.swift; path = ExtractLocStringsTask.swift; sourceTree = "<group>"; };
		037989C01F0BAAB900A90F2E /* UpdateLocStringsTests.xctest */ = {isa = PBXFileReference; explicitFileType = wrapper.cfbundle; includeInIndex = 0; path = UpdateLocStringsTests.xctest; sourceTree = BUILT_PRODUCTS_DIR; };
		037989C41F0BAAB900A90F2E /* Info.plist */ = {isa = PBXFileReference; lastKnownFileType = text.plist.xml; path = Info.plist; sourceTree = "<group>"; };
		037989CB1F0BAB5A00A90F2E /* ExtractLocStringsTaskTests.swift */ = {isa = PBXFileReference; fileEncoding = 4; lastKnownFileType = sourcecode.swift; path = ExtractLocStringsTaskTests.swift; sourceTree = "<group>"; };
		037989D11F0BACF300A90F2E /* Arguments.swift */ = {isa = PBXFileReference; fileEncoding = 4; lastKnownFileType = sourcecode.swift; path = Arguments.swift; sourceTree = "<group>"; };
		037989D21F0BACF300A90F2E /* ArgumentsParser.swift */ = {isa = PBXFileReference; fileEncoding = 4; lastKnownFileType = sourcecode.swift; path = ArgumentsParser.swift; sourceTree = "<group>"; };
		037989D71F0BAF5C00A90F2E /* ArgumentsParserTests.swift */ = {isa = PBXFileReference; fileEncoding = 4; lastKnownFileType = sourcecode.swift; path = ArgumentsParserTests.swift; sourceTree = "<group>"; };
		037989DA1F0BAFA100A90F2E /* MergeService.swift */ = {isa = PBXFileReference; fileEncoding = 4; lastKnownFileType = sourcecode.swift; path = MergeService.swift; sourceTree = "<group>"; };
		037989E01F0BB7BB00A90F2E /* MergeServiceTests.swift */ = {isa = PBXFileReference; fileEncoding = 4; lastKnownFileType = sourcecode.swift; path = MergeServiceTests.swift; sourceTree = "<group>"; };
		037989E41F0BB93900A90F2E /* TestDataSource.swift */ = {isa = PBXFileReference; fileEncoding = 4; lastKnownFileType = sourcecode.swift; path = TestDataSource.swift; sourceTree = "<group>"; };
/* End PBXFileReference section */

/* Begin PBXFrameworksBuildPhase section */
		037989AC1F0B9EAE00A90F2E /* Frameworks */ = {
			isa = PBXFrameworksBuildPhase;
			buildActionMask = 2147483647;
			files = (
			);
			runOnlyForDeploymentPostprocessing = 0;
		};
		037989BD1F0BAAB900A90F2E /* Frameworks */ = {
			isa = PBXFrameworksBuildPhase;
			buildActionMask = 2147483647;
			files = (
			);
			runOnlyForDeploymentPostprocessing = 0;
		};
/* End PBXFrameworksBuildPhase section */

/* Begin PBXGroup section */
		031617DE1F10E502006A8FDE /* StringsFileParser */ = {
			isa = PBXGroup;
			children = (
				031617DF1F10E512006A8FDE /* StringsFileParser.swift */,
				031617E11F10E54D006A8FDE /* LocalizedString.swift */,
			);
			path = StringsFileParser;
			sourceTree = "<group>";
		};
		037989A61F0B9EAE00A90F2E = {
			isa = PBXGroup;
			children = (
				037989B11F0B9EAE00A90F2E /* UpdateLocStrings */,
				037989C11F0BAAB900A90F2E /* UpdateLocStringsTests */,
				037989B01F0B9EAE00A90F2E /* Products */,
			);
			sourceTree = "<group>";
		};
		037989B01F0B9EAE00A90F2E /* Products */ = {
			isa = PBXGroup;
			children = (
				037989AF1F0B9EAE00A90F2E /* updateLocStrings */,
				037989C01F0BAAB900A90F2E /* UpdateLocStringsTests.xctest */,
			);
			name = Products;
			sourceTree = "<group>";
		};
		037989B11F0B9EAE00A90F2E /* UpdateLocStrings */ = {
			isa = PBXGroup;
			children = (
				037989D01F0BACF300A90F2E /* ArgumentsParser */,
				037989B91F0BA04200A90F2E /* ExtractLocStringsTask */,
				037989D91F0BAFA100A90F2E /* MergeService */,
				037989B21F0B9EAF00A90F2E /* main.swift */,
			);
			path = UpdateLocStrings;
			sourceTree = "<group>";
		};
		037989B91F0BA04200A90F2E /* ExtractLocStringsTask */ = {
			isa = PBXGroup;
			children = (
				037989BA1F0BA04200A90F2E /* ExtractLocStringsTask.swift */,
			);
			path = ExtractLocStringsTask;
			sourceTree = "<group>";
		};
		037989C11F0BAAB900A90F2E /* UpdateLocStringsTests */ = {
			isa = PBXGroup;
			children = (
				031617DC1F0BD271006A8FDE /* TestData */,
				037989E41F0BB93900A90F2E /* TestDataSource.swift */,
				037989CB1F0BAB5A00A90F2E /* ExtractLocStringsTaskTests.swift */,
				037989D71F0BAF5C00A90F2E /* ArgumentsParserTests.swift */,
				037989E01F0BB7BB00A90F2E /* MergeServiceTests.swift */,
				031617E31F10E657006A8FDE /* StringsFileParserTests.swift */,
				037989C41F0BAAB900A90F2E /* Info.plist */,
			);
			path = UpdateLocStringsTests;
			sourceTree = "<group>";
		};
		037989D01F0BACF300A90F2E /* ArgumentsParser */ = {
			isa = PBXGroup;
			children = (
				037989D11F0BACF300A90F2E /* Arguments.swift */,
				037989D21F0BACF300A90F2E /* ArgumentsParser.swift */,
			);
			path = ArgumentsParser;
			sourceTree = "<group>";
		};
		037989D91F0BAFA100A90F2E /* MergeService */ = {
			isa = PBXGroup;
			children = (
				031617DE1F10E502006A8FDE /* StringsFileParser */,
				037989DA1F0BAFA100A90F2E /* MergeService.swift */,
			);
			path = MergeService;
			sourceTree = "<group>";
		};
/* End PBXGroup section */

/* Begin PBXNativeTarget section */
		037989AE1F0B9EAE00A90F2E /* updateLocStrings */ = {
			isa = PBXNativeTarget;
			buildConfigurationList = 037989B61F0B9EAF00A90F2E /* Build configuration list for PBXNativeTarget "updateLocStrings" */;
			buildPhases = (
				037989AB1F0B9EAE00A90F2E /* Sources */,
				037989AC1F0B9EAE00A90F2E /* Frameworks */,
				037989AD1F0B9EAE00A90F2E /* CopyFiles */,
			);
			buildRules = (
			);
			dependencies = (
			);
			name = updateLocStrings;
			productName = UpdateLocStrings;
			productReference = 037989AF1F0B9EAE00A90F2E /* updateLocStrings */;
			productType = "com.apple.product-type.tool";
		};
		037989BF1F0BAAB900A90F2E /* UpdateLocStringsTests */ = {
			isa = PBXNativeTarget;
			buildConfigurationList = 037989C51F0BAAB900A90F2E /* Build configuration list for PBXNativeTarget "UpdateLocStringsTests" */;
			buildPhases = (
				037989BC1F0BAAB900A90F2E /* Sources */,
				037989BD1F0BAAB900A90F2E /* Frameworks */,
				037989BE1F0BAAB900A90F2E /* Resources */,
			);
			buildRules = (
			);
			dependencies = (
			);
			name = UpdateLocStringsTests;
			productName = UpdateLocStringsTests;
			productReference = 037989C01F0BAAB900A90F2E /* UpdateLocStringsTests.xctest */;
			productType = "com.apple.product-type.bundle.unit-test";
		};
/* End PBXNativeTarget section */

/* Begin PBXProject section */
		037989A71F0B9EAE00A90F2E /* Project object */ = {
			isa = PBXProject;
			attributes = {
				LastSwiftUpdateCheck = 0830;
				LastUpgradeCheck = 1010;
				ORGANIZATIONNAME = "Anton Grachev";
				TargetAttributes = {
					037989AE1F0B9EAE00A90F2E = {
						CreatedOnToolsVersion = 8.3.3;
						DevelopmentTeam = KX5D9MEEYM;
						LastSwiftMigration = 1010;
						ProvisioningStyle = Automatic;
					};
					037989BF1F0BAAB900A90F2E = {
						CreatedOnToolsVersion = 8.3.3;
						DevelopmentTeam = KX5D9MEEYM;
						LastSwiftMigration = 0830;
						ProvisioningStyle = Automatic;
					};
				};
			};
			buildConfigurationList = 037989AA1F0B9EAE00A90F2E /* Build configuration list for PBXProject "UpdateLocStrings" */;
			compatibilityVersion = "Xcode 3.2";
			developmentRegion = English;
			hasScannedForEncodings = 0;
			knownRegions = (
				en,
			);
			mainGroup = 037989A61F0B9EAE00A90F2E;
			productRefGroup = 037989B01F0B9EAE00A90F2E /* Products */;
			projectDirPath = "";
			projectRoot = "";
			targets = (
				037989AE1F0B9EAE00A90F2E /* updateLocStrings */,
				037989BF1F0BAAB900A90F2E /* UpdateLocStringsTests */,
			);
		};
/* End PBXProject section */

/* Begin PBXResourcesBuildPhase section */
		037989BE1F0BAAB900A90F2E /* Resources */ = {
			isa = PBXResourcesBuildPhase;
			buildActionMask = 2147483647;
			files = (
				031617DD1F0BD271006A8FDE /* TestData in Resources */,
			);
			runOnlyForDeploymentPostprocessing = 0;
		};
/* End PBXResourcesBuildPhase section */

/* Begin PBXSourcesBuildPhase section */
		037989AB1F0B9EAE00A90F2E /* Sources */ = {
			isa = PBXSourcesBuildPhase;
			buildActionMask = 2147483647;
			files = (
				037989DC1F0BAFA100A90F2E /* MergeService.swift in Sources */,
				037989D31F0BACF300A90F2E /* Arguments.swift in Sources */,
				037989B31F0B9EAF00A90F2E /* main.swift in Sources */,
				031617E01F10E512006A8FDE /* StringsFileParser.swift in Sources */,
				037989BB1F0BA04200A90F2E /* ExtractLocStringsTask.swift in Sources */,
				037989D51F0BACF300A90F2E /* ArgumentsParser.swift in Sources */,
				031617E21F10E54D006A8FDE /* LocalizedString.swift in Sources */,
			);
			runOnlyForDeploymentPostprocessing = 0;
		};
		037989BC1F0BAAB900A90F2E /* Sources */ = {
			isa = PBXSourcesBuildPhase;
			buildActionMask = 2147483647;
			files = (
				037989DD1F0BAFA100A90F2E /* MergeService.swift in Sources */,
				037989D41F0BACF300A90F2E /* Arguments.swift in Sources */,
				031617E61F10E996006A8FDE /* LocalizedString.swift in Sources */,
				037989E51F0BB93900A90F2E /* TestDataSource.swift in Sources */,
				031617E41F10E657006A8FDE /* StringsFileParserTests.swift in Sources */,
				037989CC1F0BAB5A00A90F2E /* ExtractLocStringsTaskTests.swift in Sources */,
				031617E51F10E994006A8FDE /* StringsFileParser.swift in Sources */,
				037989CA1F0BAAE900A90F2E /* ExtractLocStringsTask.swift in Sources */,
				037989D61F0BACF300A90F2E /* ArgumentsParser.swift in Sources */,
				037989E11F0BB7BB00A90F2E /* MergeServiceTests.swift in Sources */,
				037989D81F0BAF5C00A90F2E /* ArgumentsParserTests.swift in Sources */,
			);
			runOnlyForDeploymentPostprocessing = 0;
		};
/* End PBXSourcesBuildPhase section */

/* Begin XCBuildConfiguration section */
		037989B41F0B9EAF00A90F2E /* Debug */ = {
			isa = XCBuildConfiguration;
			buildSettings = {
				ALWAYS_SEARCH_USER_PATHS = NO;
				CLANG_ANALYZER_NONNULL = YES;
				CLANG_ANALYZER_NUMBER_OBJECT_CONVERSION = YES_AGGRESSIVE;
				CLANG_CXX_LANGUAGE_STANDARD = "gnu++0x";
				CLANG_CXX_LIBRARY = "libc++";
				CLANG_ENABLE_MODULES = YES;
				CLANG_ENABLE_OBJC_ARC = YES;
				CLANG_WARN_BLOCK_CAPTURE_AUTORELEASING = YES;
				CLANG_WARN_BOOL_CONVERSION = YES;
				CLANG_WARN_COMMA = YES;
				CLANG_WARN_CONSTANT_CONVERSION = YES;
				CLANG_WARN_DEPRECATED_OBJC_IMPLEMENTATIONS = YES;
				CLANG_WARN_DIRECT_OBJC_ISA_USAGE = YES_ERROR;
				CLANG_WARN_DOCUMENTATION_COMMENTS = YES;
				CLANG_WARN_EMPTY_BODY = YES;
				CLANG_WARN_ENUM_CONVERSION = YES;
				CLANG_WARN_INFINITE_RECURSION = YES;
				CLANG_WARN_INT_CONVERSION = YES;
				CLANG_WARN_NON_LITERAL_NULL_CONVERSION = YES;
				CLANG_WARN_OBJC_IMPLICIT_RETAIN_SELF = YES;
				CLANG_WARN_OBJC_LITERAL_CONVERSION = YES;
				CLANG_WARN_OBJC_ROOT_CLASS = YES_ERROR;
				CLANG_WARN_RANGE_LOOP_ANALYSIS = YES;
				CLANG_WARN_STRICT_PROTOTYPES = YES;
				CLANG_WARN_SUSPICIOUS_MOVE = YES;
				CLANG_WARN_UNREACHABLE_CODE = YES;
				CLANG_WARN__DUPLICATE_METHOD_MATCH = YES;
				CODE_SIGN_IDENTITY = "-";
				COPY_PHASE_STRIP = NO;
				DEBUG_INFORMATION_FORMAT = dwarf;
				ENABLE_STRICT_OBJC_MSGSEND = YES;
				ENABLE_TESTABILITY = YES;
				GCC_C_LANGUAGE_STANDARD = gnu99;
				GCC_DYNAMIC_NO_PIC = NO;
				GCC_NO_COMMON_BLOCKS = YES;
				GCC_OPTIMIZATION_LEVEL = 0;
				GCC_PREPROCESSOR_DEFINITIONS = (
					"DEBUG=1",
					"$(inherited)",
				);
				GCC_WARN_64_TO_32_BIT_CONVERSION = YES;
				GCC_WARN_ABOUT_RETURN_TYPE = YES_ERROR;
				GCC_WARN_UNDECLARED_SELECTOR = YES;
				GCC_WARN_UNINITIALIZED_AUTOS = YES_AGGRESSIVE;
				GCC_WARN_UNUSED_FUNCTION = YES;
				GCC_WARN_UNUSED_VARIABLE = YES;
				MACOSX_DEPLOYMENT_TARGET = 10.11;
				MTL_ENABLE_DEBUG_INFO = YES;
				ONLY_ACTIVE_ARCH = YES;
				SDKROOT = macosx;
				SWIFT_OPTIMIZATION_LEVEL = "-Onone";
				SWIFT_VERSION = 4.2;
			};
			name = Debug;
		};
		037989B51F0B9EAF00A90F2E /* Release */ = {
			isa = XCBuildConfiguration;
			buildSettings = {
				ALWAYS_SEARCH_USER_PATHS = NO;
				CLANG_ANALYZER_NONNULL = YES;
				CLANG_ANALYZER_NUMBER_OBJECT_CONVERSION = YES_AGGRESSIVE;
				CLANG_CXX_LANGUAGE_STANDARD = "gnu++0x";
				CLANG_CXX_LIBRARY = "libc++";
				CLANG_ENABLE_MODULES = YES;
				CLANG_ENABLE_OBJC_ARC = YES;
				CLANG_WARN_BLOCK_CAPTURE_AUTORELEASING = YES;
				CLANG_WARN_BOOL_CONVERSION = YES;
				CLANG_WARN_COMMA = YES;
				CLANG_WARN_CONSTANT_CONVERSION = YES;
				CLANG_WARN_DEPRECATED_OBJC_IMPLEMENTATIONS = YES;
				CLANG_WARN_DIRECT_OBJC_ISA_USAGE = YES_ERROR;
				CLANG_WARN_DOCUMENTATION_COMMENTS = YES;
				CLANG_WARN_EMPTY_BODY = YES;
				CLANG_WARN_ENUM_CONVERSION = YES;
				CLANG_WARN_INFINITE_RECURSION = YES;
				CLANG_WARN_INT_CONVERSION = YES;
				CLANG_WARN_NON_LITERAL_NULL_CONVERSION = YES;
				CLANG_WARN_OBJC_IMPLICIT_RETAIN_SELF = YES;
				CLANG_WARN_OBJC_LITERAL_CONVERSION = YES;
				CLANG_WARN_OBJC_ROOT_CLASS = YES_ERROR;
				CLANG_WARN_RANGE_LOOP_ANALYSIS = YES;
				CLANG_WARN_STRICT_PROTOTYPES = YES;
				CLANG_WARN_SUSPICIOUS_MOVE = YES;
				CLANG_WARN_UNREACHABLE_CODE = YES;
				CLANG_WARN__DUPLICATE_METHOD_MATCH = YES;
				CODE_SIGN_IDENTITY = "-";
				COPY_PHASE_STRIP = NO;
				DEBUG_INFORMATION_FORMAT = "dwarf-with-dsym";
				ENABLE_NS_ASSERTIONS = NO;
				ENABLE_STRICT_OBJC_MSGSEND = YES;
				GCC_C_LANGUAGE_STANDARD = gnu99;
				GCC_NO_COMMON_BLOCKS = YES;
				GCC_WARN_64_TO_32_BIT_CONVERSION = YES;
				GCC_WARN_ABOUT_RETURN_TYPE = YES_ERROR;
				GCC_WARN_UNDECLARED_SELECTOR = YES;
				GCC_WARN_UNINITIALIZED_AUTOS = YES_AGGRESSIVE;
				GCC_WARN_UNUSED_FUNCTION = YES;
				GCC_WARN_UNUSED_VARIABLE = YES;
				MACOSX_DEPLOYMENT_TARGET = 10.11;
				MTL_ENABLE_DEBUG_INFO = NO;
				SDKROOT = macosx;
				SWIFT_COMPILATION_MODE = wholemodule;
				SWIFT_VERSION = 4.2;
			};
			name = Release;
		};
		037989B71F0B9EAF00A90F2E /* Debug */ = {
			isa = XCBuildConfiguration;
			buildSettings = {
				DEVELOPMENT_TEAM = KX5D9MEEYM;
				PRODUCT_NAME = "$(TARGET_NAME)";
				SWIFT_SWIFT3_OBJC_INFERENCE = Default;
				SWIFT_VERSION = 4.2;
			};
			name = Debug;
		};
		037989B81F0B9EAF00A90F2E /* Release */ = {
			isa = XCBuildConfiguration;
			buildSettings = {
				DEVELOPMENT_TEAM = KX5D9MEEYM;
				PRODUCT_NAME = "$(TARGET_NAME)";
				SWIFT_SWIFT3_OBJC_INFERENCE = Default;
				SWIFT_VERSION = 4.2;
			};
			name = Release;
		};
		037989C61F0BAAB900A90F2E /* Debug */ = {
			isa = XCBuildConfiguration;
			buildSettings = {
				CLANG_ENABLE_MODULES = YES;
				COMBINE_HIDPI_IMAGES = YES;
				DEVELOPMENT_TEAM = KX5D9MEEYM;
				INFOPLIST_FILE = UpdateLocStringsTests/Info.plist;
				LD_RUNPATH_SEARCH_PATHS = "$(inherited) @executable_path/../Frameworks @loader_path/../Frameworks";
				PRODUCT_BUNDLE_IDENTIFIER = com.agrachev.UpdateLocStringsTests;
				PRODUCT_NAME = "$(TARGET_NAME)";
				SWIFT_ACTIVE_COMPILATION_CONDITIONS = DEBUG;
				SWIFT_OPTIMIZATION_LEVEL = "-Onone";
				SWIFT_VERSION = 3.0;
			};
			name = Debug;
		};
		037989C71F0BAAB900A90F2E /* Release */ = {
			isa = XCBuildConfiguration;
			buildSettings = {
				CLANG_ENABLE_MODULES = YES;
				COMBINE_HIDPI_IMAGES = YES;
				DEVELOPMENT_TEAM = KX5D9MEEYM;
				INFOPLIST_FILE = UpdateLocStringsTests/Info.plist;
				LD_RUNPATH_SEARCH_PATHS = "$(inherited) @executable_path/../Frameworks @loader_path/../Frameworks";
				PRODUCT_BUNDLE_IDENTIFIER = com.agrachev.UpdateLocStringsTests;
				PRODUCT_NAME = "$(TARGET_NAME)";
				SWIFT_OPTIMIZATION_LEVEL = "-Owholemodule";
				SWIFT_VERSION = 3.0;
			};
			name = Release;
		};
/* End XCBuildConfiguration section */

/* Begin XCConfigurationList section */
		037989AA1F0B9EAE00A90F2E /* Build configuration list for PBXProject "UpdateLocStrings" */ = {
			isa = XCConfigurationList;
			buildConfigurations = (
				037989B41F0B9EAF00A90F2E /* Debug */,
				037989B51F0B9EAF00A90F2E /* Release */,
			);
			defaultConfigurationIsVisible = 0;
			defaultConfigurationName = Release;
		};
		037989B61F0B9EAF00A90F2E /* Build configuration list for PBXNativeTarget "updateLocStrings" */ = {
			isa = XCConfigurationList;
			buildConfigurations = (
				037989B71F0B9EAF00A90F2E /* Debug */,
				037989B81F0B9EAF00A90F2E /* Release */,
			);
			defaultConfigurationIsVisible = 0;
			defaultConfigurationName = Release;
		};
		037989C51F0BAAB900A90F2E /* Build configuration list for PBXNativeTarget "UpdateLocStringsTests" */ = {
			isa = XCConfigurationList;
			buildConfigurations = (
				037989C61F0BAAB900A90F2E /* Debug */,
				037989C71F0BAAB900A90F2E /* Release */,
			);
			defaultConfigurationIsVisible = 0;
			defaultConfigurationName = Release;
		};
/* End XCConfigurationList section */
	};
	rootObject = 037989A71F0B9EAE00A90F2E /* Project object */;
}
